// !$*UTF8*$!
{
	archiveVersion = 1;
	classes = {
	};
	objectVersion = 50;
	objects = {

/* Begin PBXBuildFile section */
		0CDB975368CDD69C110D1D62 /* Pods_AntaresTests.framework in Frameworks */ = {isa = PBXBuildFile; fileRef = E75C1AED4888F016007BDA04 /* Pods_AntaresTests.framework */; };
		6BB1DF18CA58C57447EDBF2C /* Pods_Antares.framework in Frameworks */ = {isa = PBXBuildFile; fileRef = 82C8EB0EB9459A1C20B12324 /* Pods_Antares.framework */; };
		FD0D31522283B4D90033FAD2 /* Endpoint.swift in Sources */ = {isa = PBXBuildFile; fileRef = FD0D31512283B4D90033FAD2 /* Endpoint.swift */; };
		FD0D31542283BB570033FAD2 /* NetworkProvider.swift in Sources */ = {isa = PBXBuildFile; fileRef = FD0D31532283BB570033FAD2 /* NetworkProvider.swift */; };
		FD2711CD2287B53500041A49 /* ListMovies.strings in Resources */ = {isa = PBXBuildFile; fileRef = FD2711CC2287B53500041A49 /* ListMovies.strings */; };
		FD2711CF2287B59E00041A49 /* R.generated.swift in Sources */ = {isa = PBXBuildFile; fileRef = FD2711CE2287B59E00041A49 /* R.generated.swift */; };
		FD760457227FB4A000FAFA3B /* AppDelegate.swift in Sources */ = {isa = PBXBuildFile; fileRef = FD760456227FB4A000FAFA3B /* AppDelegate.swift */; };
		FD76045E227FB4A000FAFA3B /* Assets.xcassets in Resources */ = {isa = PBXBuildFile; fileRef = FD76045D227FB4A000FAFA3B /* Assets.xcassets */; };
		FD760461227FB4A000FAFA3B /* LaunchScreen.storyboard in Resources */ = {isa = PBXBuildFile; fileRef = FD76045F227FB4A000FAFA3B /* LaunchScreen.storyboard */; };
		FD76046C227FB4A000FAFA3B /* AntaresTests.swift in Sources */ = {isa = PBXBuildFile; fileRef = FD76046B227FB4A000FAFA3B /* AntaresTests.swift */; };
		FD760480227FBA8A00FAFA3B /* ListMoviesPresenter.swift in Sources */ = {isa = PBXBuildFile; fileRef = FD76047A227FBA8A00FAFA3B /* ListMoviesPresenter.swift */; };
		FD760481227FBA8A00FAFA3B /* ListMoviesWorker.swift in Sources */ = {isa = PBXBuildFile; fileRef = FD76047B227FBA8A00FAFA3B /* ListMoviesWorker.swift */; };
		FD760482227FBA8A00FAFA3B /* ListMoviesRouter.swift in Sources */ = {isa = PBXBuildFile; fileRef = FD76047C227FBA8A00FAFA3B /* ListMoviesRouter.swift */; };
		FD760483227FBA8A00FAFA3B /* ListMoviesModels.swift in Sources */ = {isa = PBXBuildFile; fileRef = FD76047D227FBA8A00FAFA3B /* ListMoviesModels.swift */; };
		FD760484227FBA8A00FAFA3B /* ListMoviesViewController.swift in Sources */ = {isa = PBXBuildFile; fileRef = FD76047E227FBA8A00FAFA3B /* ListMoviesViewController.swift */; };
		FD760485227FBA8A00FAFA3B /* ListMoviesInteractor.swift in Sources */ = {isa = PBXBuildFile; fileRef = FD76047F227FBA8A00FAFA3B /* ListMoviesInteractor.swift */; };
		FD760487227FBAB200FAFA3B /* Movies.storyboard in Resources */ = {isa = PBXBuildFile; fileRef = FD760486227FBAB200FAFA3B /* Movies.storyboard */; };
		FD7CF8D72293945000F3D64B /* BaseResponse.swift in Sources */ = {isa = PBXBuildFile; fileRef = FD7CF8D62293945000F3D64B /* BaseResponse.swift */; };
		FD7CF8D92293985500F3D64B /* Movie.swift in Sources */ = {isa = PBXBuildFile; fileRef = FD7CF8D82293985500F3D64B /* Movie.swift */; };
/* End PBXBuildFile section */

/* Begin PBXContainerItemProxy section */
		FD760468227FB4A000FAFA3B /* PBXContainerItemProxy */ = {
			isa = PBXContainerItemProxy;
			containerPortal = FD76044B227FB4A000FAFA3B /* Project object */;
			proxyType = 1;
			remoteGlobalIDString = FD760452227FB4A000FAFA3B;
			remoteInfo = Antares;
		};
/* End PBXContainerItemProxy section */

/* Begin PBXFileReference section */
		64A8C6E119E5F9DF2AE8C10B /* Pods-Antares.debug.xcconfig */ = {isa = PBXFileReference; includeInIndex = 1; lastKnownFileType = text.xcconfig; name = "Pods-Antares.debug.xcconfig"; path = "Target Support Files/Pods-Antares/Pods-Antares.debug.xcconfig"; sourceTree = "<group>"; };
		719B4B81D070748D0859DD6F /* Pods-AntaresTests.debug.xcconfig */ = {isa = PBXFileReference; includeInIndex = 1; lastKnownFileType = text.xcconfig; name = "Pods-AntaresTests.debug.xcconfig"; path = "Target Support Files/Pods-AntaresTests/Pods-AntaresTests.debug.xcconfig"; sourceTree = "<group>"; };
		7F2993E5AB0FE592C45BDB27 /* Pods-Antares.development.xcconfig */ = {isa = PBXFileReference; includeInIndex = 1; lastKnownFileType = text.xcconfig; name = "Pods-Antares.development.xcconfig"; path = "Target Support Files/Pods-Antares/Pods-Antares.development.xcconfig"; sourceTree = "<group>"; };
		82C8EB0EB9459A1C20B12324 /* Pods_Antares.framework */ = {isa = PBXFileReference; explicitFileType = wrapper.framework; includeInIndex = 0; path = Pods_Antares.framework; sourceTree = BUILT_PRODUCTS_DIR; };
		BDE3537302D273EC2253ABA4 /* Pods-AntaresTests.release.xcconfig */ = {isa = PBXFileReference; includeInIndex = 1; lastKnownFileType = text.xcconfig; name = "Pods-AntaresTests.release.xcconfig"; path = "Target Support Files/Pods-AntaresTests/Pods-AntaresTests.release.xcconfig"; sourceTree = "<group>"; };
		E70BD96FF92F4227D95DB90B /* Pods-Antares.release.xcconfig */ = {isa = PBXFileReference; includeInIndex = 1; lastKnownFileType = text.xcconfig; name = "Pods-Antares.release.xcconfig"; path = "Target Support Files/Pods-Antares/Pods-Antares.release.xcconfig"; sourceTree = "<group>"; };
		E75C1AED4888F016007BDA04 /* Pods_AntaresTests.framework */ = {isa = PBXFileReference; explicitFileType = wrapper.framework; includeInIndex = 0; path = Pods_AntaresTests.framework; sourceTree = BUILT_PRODUCTS_DIR; };
		EE79A2B6567EE902C716A950 /* Pods-AntaresTests.development.xcconfig */ = {isa = PBXFileReference; includeInIndex = 1; lastKnownFileType = text.xcconfig; name = "Pods-AntaresTests.development.xcconfig"; path = "Target Support Files/Pods-AntaresTests/Pods-AntaresTests.development.xcconfig"; sourceTree = "<group>"; };
		FD0D31512283B4D90033FAD2 /* Endpoint.swift */ = {isa = PBXFileReference; lastKnownFileType = sourcecode.swift; path = Endpoint.swift; sourceTree = "<group>"; };
		FD0D31532283BB570033FAD2 /* NetworkProvider.swift */ = {isa = PBXFileReference; lastKnownFileType = sourcecode.swift; path = NetworkProvider.swift; sourceTree = "<group>"; };
		FD2711CC2287B53500041A49 /* ListMovies.strings */ = {isa = PBXFileReference; lastKnownFileType = text.plist.strings; path = ListMovies.strings; sourceTree = "<group>"; };
		FD2711CE2287B59E00041A49 /* R.generated.swift */ = {isa = PBXFileReference; fileEncoding = 4; lastKnownFileType = sourcecode.swift; path = R.generated.swift; sourceTree = SOURCE_ROOT; };
		FD760453227FB4A000FAFA3B /* Antares.app */ = {isa = PBXFileReference; explicitFileType = wrapper.application; includeInIndex = 0; path = Antares.app; sourceTree = BUILT_PRODUCTS_DIR; };
		FD760456227FB4A000FAFA3B /* AppDelegate.swift */ = {isa = PBXFileReference; lastKnownFileType = sourcecode.swift; path = AppDelegate.swift; sourceTree = "<group>"; };
		FD76045D227FB4A000FAFA3B /* Assets.xcassets */ = {isa = PBXFileReference; lastKnownFileType = folder.assetcatalog; path = Assets.xcassets; sourceTree = "<group>"; };
		FD760460227FB4A000FAFA3B /* Base */ = {isa = PBXFileReference; lastKnownFileType = file.storyboard; name = Base; path = Base.lproj/LaunchScreen.storyboard; sourceTree = "<group>"; };
		FD760462227FB4A000FAFA3B /* Info.plist */ = {isa = PBXFileReference; lastKnownFileType = text.plist.xml; path = Info.plist; sourceTree = "<group>"; };
		FD760467227FB4A000FAFA3B /* AntaresTests.xctest */ = {isa = PBXFileReference; explicitFileType = wrapper.cfbundle; includeInIndex = 0; path = AntaresTests.xctest; sourceTree = BUILT_PRODUCTS_DIR; };
		FD76046B227FB4A000FAFA3B /* AntaresTests.swift */ = {isa = PBXFileReference; lastKnownFileType = sourcecode.swift; path = AntaresTests.swift; sourceTree = "<group>"; };
		FD76046D227FB4A000FAFA3B /* Info.plist */ = {isa = PBXFileReference; lastKnownFileType = text.plist.xml; path = Info.plist; sourceTree = "<group>"; };
		FD76047A227FBA8A00FAFA3B /* ListMoviesPresenter.swift */ = {isa = PBXFileReference; lastKnownFileType = sourcecode.swift; path = ListMoviesPresenter.swift; sourceTree = "<group>"; };
		FD76047B227FBA8A00FAFA3B /* ListMoviesWorker.swift */ = {isa = PBXFileReference; lastKnownFileType = sourcecode.swift; path = ListMoviesWorker.swift; sourceTree = "<group>"; };
		FD76047C227FBA8A00FAFA3B /* ListMoviesRouter.swift */ = {isa = PBXFileReference; lastKnownFileType = sourcecode.swift; path = ListMoviesRouter.swift; sourceTree = "<group>"; };
		FD76047D227FBA8A00FAFA3B /* ListMoviesModels.swift */ = {isa = PBXFileReference; lastKnownFileType = sourcecode.swift; path = ListMoviesModels.swift; sourceTree = "<group>"; };
		FD76047E227FBA8A00FAFA3B /* ListMoviesViewController.swift */ = {isa = PBXFileReference; lastKnownFileType = sourcecode.swift; path = ListMoviesViewController.swift; sourceTree = "<group>"; };
		FD76047F227FBA8A00FAFA3B /* ListMoviesInteractor.swift */ = {isa = PBXFileReference; lastKnownFileType = sourcecode.swift; path = ListMoviesInteractor.swift; sourceTree = "<group>"; };
		FD760486227FBAB200FAFA3B /* Movies.storyboard */ = {isa = PBXFileReference; lastKnownFileType = file.storyboard; path = Movies.storyboard; sourceTree = "<group>"; };
		FD7CF8D62293945000F3D64B /* BaseResponse.swift */ = {isa = PBXFileReference; lastKnownFileType = sourcecode.swift; path = BaseResponse.swift; sourceTree = "<group>"; };
		FD7CF8D82293985500F3D64B /* Movie.swift */ = {isa = PBXFileReference; lastKnownFileType = sourcecode.swift; path = Movie.swift; sourceTree = "<group>"; };
		FDA68A9B229A1348001DAC4A /* Debug.xcconfig */ = {isa = PBXFileReference; lastKnownFileType = text.xcconfig; path = Debug.xcconfig; sourceTree = "<group>"; };
		FDA68A9C229A134F001DAC4A /* Development.xcconfig */ = {isa = PBXFileReference; lastKnownFileType = text.xcconfig; path = Development.xcconfig; sourceTree = "<group>"; };
		FDA68A9D229A1356001DAC4A /* Release.xcconfig */ = {isa = PBXFileReference; lastKnownFileType = text.xcconfig; path = Release.xcconfig; sourceTree = "<group>"; };
/* End PBXFileReference section */

/* Begin PBXFrameworksBuildPhase section */
		FD760450227FB4A000FAFA3B /* Frameworks */ = {
			isa = PBXFrameworksBuildPhase;
			buildActionMask = 2147483647;
			files = (
				6BB1DF18CA58C57447EDBF2C /* Pods_Antares.framework in Frameworks */,
			);
			runOnlyForDeploymentPostprocessing = 0;
		};
		FD760464227FB4A000FAFA3B /* Frameworks */ = {
			isa = PBXFrameworksBuildPhase;
			buildActionMask = 2147483647;
			files = (
				0CDB975368CDD69C110D1D62 /* Pods_AntaresTests.framework in Frameworks */,
			);
			runOnlyForDeploymentPostprocessing = 0;
		};
/* End PBXFrameworksBuildPhase section */

/* Begin PBXGroup section */
		27C9674A916669ECC7F85E0D /* Frameworks */ = {
			isa = PBXGroup;
			children = (
				82C8EB0EB9459A1C20B12324 /* Pods_Antares.framework */,
				E75C1AED4888F016007BDA04 /* Pods_AntaresTests.framework */,
			);
			name = Frameworks;
			sourceTree = "<group>";
		};
		5772FDD990BA2F8C6A53ADB8 /* Pods */ = {
			isa = PBXGroup;
			children = (
				64A8C6E119E5F9DF2AE8C10B /* Pods-Antares.debug.xcconfig */,
				E70BD96FF92F4227D95DB90B /* Pods-Antares.release.xcconfig */,
				719B4B81D070748D0859DD6F /* Pods-AntaresTests.debug.xcconfig */,
				BDE3537302D273EC2253ABA4 /* Pods-AntaresTests.release.xcconfig */,
				7F2993E5AB0FE592C45BDB27 /* Pods-Antares.development.xcconfig */,
				EE79A2B6567EE902C716A950 /* Pods-AntaresTests.development.xcconfig */,
			);
			path = Pods;
			sourceTree = "<group>";
		};
		FD0D31502283B4BA0033FAD2 /* Networking */ = {
			isa = PBXGroup;
			children = (
				FD0D31512283B4D90033FAD2 /* Endpoint.swift */,
				FD0D31532283BB570033FAD2 /* NetworkProvider.swift */,
			);
			path = Networking;
			sourceTree = "<group>";
		};
		FD76044A227FB4A000FAFA3B = {
			isa = PBXGroup;
			children = (
				FD760455227FB4A000FAFA3B /* Antares */,
				FD76046A227FB4A000FAFA3B /* AntaresTests */,
				FD760454227FB4A000FAFA3B /* Products */,
				5772FDD990BA2F8C6A53ADB8 /* Pods */,
				27C9674A916669ECC7F85E0D /* Frameworks */,
			);
			sourceTree = "<group>";
		};
		FD760454227FB4A000FAFA3B /* Products */ = {
			isa = PBXGroup;
			children = (
				FD760453227FB4A000FAFA3B /* Antares.app */,
				FD760467227FB4A000FAFA3B /* AntaresTests.xctest */,
			);
			name = Products;
			sourceTree = "<group>";
		};
		FD760455227FB4A000FAFA3B /* Antares */ = {
			isa = PBXGroup;
			children = (
				FDA68A9A229A133E001DAC4A /* Configuration */,
				FD760476227FBA3900FAFA3B /* Bootstrap */,
				FD760478227FBA6000FAFA3B /* Scenes */,
				FD7CF8D42293943300F3D64B /* Global */,
				FD0D31502283B4BA0033FAD2 /* Networking */,
				FD760477227FBA4F00FAFA3B /* Resources */,
				FD760462227FB4A000FAFA3B /* Info.plist */,
			);
			path = Antares;
			sourceTree = "<group>";
		};
		FD76046A227FB4A000FAFA3B /* AntaresTests */ = {
			isa = PBXGroup;
			children = (
				FD76046B227FB4A000FAFA3B /* AntaresTests.swift */,
				FD76046D227FB4A000FAFA3B /* Info.plist */,
			);
			path = AntaresTests;
			sourceTree = "<group>";
		};
		FD760476227FBA3900FAFA3B /* Bootstrap */ = {
			isa = PBXGroup;
			children = (
				FD760456227FB4A000FAFA3B /* AppDelegate.swift */,
			);
			path = Bootstrap;
			sourceTree = "<group>";
		};
		FD760477227FBA4F00FAFA3B /* Resources */ = {
			isa = PBXGroup;
			children = (
				FD76045D227FB4A000FAFA3B /* Assets.xcassets */,
				FD76045F227FB4A000FAFA3B /* LaunchScreen.storyboard */,
				FD2711CE2287B59E00041A49 /* R.generated.swift */,
			);
			path = Resources;
			sourceTree = "<group>";
		};
		FD760478227FBA6000FAFA3B /* Scenes */ = {
			isa = PBXGroup;
			children = (
				FD760479227FBA6C00FAFA3B /* ListMovies */,
			);
			path = Scenes;
			sourceTree = "<group>";
		};
		FD760479227FBA6C00FAFA3B /* ListMovies */ = {
			isa = PBXGroup;
			children = (
				FD2711CC2287B53500041A49 /* ListMovies.strings */,
				FD76047A227FBA8A00FAFA3B /* ListMoviesPresenter.swift */,
				FD76047B227FBA8A00FAFA3B /* ListMoviesWorker.swift */,
				FD76047C227FBA8A00FAFA3B /* ListMoviesRouter.swift */,
				FD76047D227FBA8A00FAFA3B /* ListMoviesModels.swift */,
				FD76047F227FBA8A00FAFA3B /* ListMoviesInteractor.swift */,
				FD76047E227FBA8A00FAFA3B /* ListMoviesViewController.swift */,
				FD760486227FBAB200FAFA3B /* Movies.storyboard */,
			);
			path = ListMovies;
			sourceTree = "<group>";
		};
		FD7CF8D42293943300F3D64B /* Global */ = {
			isa = PBXGroup;
			children = (
				FD7CF8D52293943A00F3D64B /* Models */,
			);
			path = Global;
			sourceTree = "<group>";
		};
		FD7CF8D52293943A00F3D64B /* Models */ = {
			isa = PBXGroup;
			children = (
				FD7CF8D62293945000F3D64B /* BaseResponse.swift */,
				FD7CF8D82293985500F3D64B /* Movie.swift */,
			);
			path = Models;
			sourceTree = "<group>";
		};
		FDA68A9A229A133E001DAC4A /* Configuration */ = {
			isa = PBXGroup;
			children = (
				FDA68A9B229A1348001DAC4A /* Debug.xcconfig */,
				FDA68A9C229A134F001DAC4A /* Development.xcconfig */,
				FDA68A9D229A1356001DAC4A /* Release.xcconfig */,
			);
			path = Configuration;
			sourceTree = "<group>";
		};
/* End PBXGroup section */

/* Begin PBXNativeTarget section */
		FD760452227FB4A000FAFA3B /* Antares */ = {
			isa = PBXNativeTarget;
			buildConfigurationList = FD760470227FB4A000FAFA3B /* Build configuration list for PBXNativeTarget "Antares" */;
			buildPhases = (
				8CADA1F7C6C62CF447CDAD3A /* [CP] Check Pods Manifest.lock */,
				FD2711CB2287B42200041A49 /* R.swift */,
				FD76044F227FB4A000FAFA3B /* Sources */,
				FD760450227FB4A000FAFA3B /* Frameworks */,
				FD760451227FB4A000FAFA3B /* Resources */,
				A3B02B733FB83CEF211075C4 /* [CP] Embed Pods Frameworks */,
			);
			buildRules = (
			);
			dependencies = (
			);
			name = Antares;
			productName = Antares;
			productReference = FD760453227FB4A000FAFA3B /* Antares.app */;
			productType = "com.apple.product-type.application";
		};
		FD760466227FB4A000FAFA3B /* AntaresTests */ = {
			isa = PBXNativeTarget;
			buildConfigurationList = FD760473227FB4A000FAFA3B /* Build configuration list for PBXNativeTarget "AntaresTests" */;
			buildPhases = (
				C8C128E74ADD0F2B58B5B5C7 /* [CP] Check Pods Manifest.lock */,
				FD760463227FB4A000FAFA3B /* Sources */,
				FD760464227FB4A000FAFA3B /* Frameworks */,
				FD760465227FB4A000FAFA3B /* Resources */,
			);
			buildRules = (
			);
			dependencies = (
				FD760469227FB4A000FAFA3B /* PBXTargetDependency */,
			);
			name = AntaresTests;
			productName = AntaresTests;
			productReference = FD760467227FB4A000FAFA3B /* AntaresTests.xctest */;
			productType = "com.apple.product-type.bundle.unit-test";
		};
/* End PBXNativeTarget section */

/* Begin PBXProject section */
		FD76044B227FB4A000FAFA3B /* Project object */ = {
			isa = PBXProject;
			attributes = {
				LastSwiftUpdateCheck = 1020;
				LastUpgradeCheck = 1020;
				ORGANIZATIONNAME = "Leandro Romano";
				TargetAttributes = {
					FD760452227FB4A000FAFA3B = {
						CreatedOnToolsVersion = 10.2.1;
					};
					FD760466227FB4A000FAFA3B = {
						CreatedOnToolsVersion = 10.2.1;
						TestTargetID = FD760452227FB4A000FAFA3B;
					};
				};
			};
			buildConfigurationList = FD76044E227FB4A000FAFA3B /* Build configuration list for PBXProject "Antares" */;
			compatibilityVersion = "Xcode 9.3";
			developmentRegion = en;
			hasScannedForEncodings = 0;
			knownRegions = (
				en,
				Base,
			);
			mainGroup = FD76044A227FB4A000FAFA3B;
			productRefGroup = FD760454227FB4A000FAFA3B /* Products */;
			projectDirPath = "";
			projectRoot = "";
			targets = (
				FD760452227FB4A000FAFA3B /* Antares */,
				FD760466227FB4A000FAFA3B /* AntaresTests */,
			);
		};
/* End PBXProject section */

/* Begin PBXResourcesBuildPhase section */
		FD760451227FB4A000FAFA3B /* Resources */ = {
			isa = PBXResourcesBuildPhase;
			buildActionMask = 2147483647;
			files = (
				FD760461227FB4A000FAFA3B /* LaunchScreen.storyboard in Resources */,
				FD2711CD2287B53500041A49 /* ListMovies.strings in Resources */,
				FD760487227FBAB200FAFA3B /* Movies.storyboard in Resources */,
				FD76045E227FB4A000FAFA3B /* Assets.xcassets in Resources */,
			);
			runOnlyForDeploymentPostprocessing = 0;
		};
		FD760465227FB4A000FAFA3B /* Resources */ = {
			isa = PBXResourcesBuildPhase;
			buildActionMask = 2147483647;
			files = (
			);
			runOnlyForDeploymentPostprocessing = 0;
		};
/* End PBXResourcesBuildPhase section */

/* Begin PBXShellScriptBuildPhase section */
		8CADA1F7C6C62CF447CDAD3A /* [CP] Check Pods Manifest.lock */ = {
			isa = PBXShellScriptBuildPhase;
			buildActionMask = 2147483647;
			files = (
			);
			inputFileListPaths = (
			);
			inputPaths = (
				"${PODS_PODFILE_DIR_PATH}/Podfile.lock",
				"${PODS_ROOT}/Manifest.lock",
			);
			name = "[CP] Check Pods Manifest.lock";
			outputFileListPaths = (
			);
			outputPaths = (
				"$(DERIVED_FILE_DIR)/Pods-Antares-checkManifestLockResult.txt",
			);
			runOnlyForDeploymentPostprocessing = 0;
			shellPath = /bin/sh;
			shellScript = "diff \"${PODS_PODFILE_DIR_PATH}/Podfile.lock\" \"${PODS_ROOT}/Manifest.lock\" > /dev/null\nif [ $? != 0 ] ; then\n    # print error to STDERR\n    echo \"error: The sandbox is not in sync with the Podfile.lock. Run 'pod install' or update your CocoaPods installation.\" >&2\n    exit 1\nfi\n# This output is used by Xcode 'outputs' to avoid re-running this script phase.\necho \"SUCCESS\" > \"${SCRIPT_OUTPUT_FILE_0}\"\n";
			showEnvVarsInLog = 0;
		};
		A3B02B733FB83CEF211075C4 /* [CP] Embed Pods Frameworks */ = {
			isa = PBXShellScriptBuildPhase;
			buildActionMask = 2147483647;
			files = (
			);
			inputFileListPaths = (
			);
			inputPaths = (
				"${PODS_ROOT}/Target Support Files/Pods-Antares/Pods-Antares-frameworks.sh",
				"${BUILT_PRODUCTS_DIR}/PromiseKit/PromiseKit.framework",
				"${BUILT_PRODUCTS_DIR}/R.swift.Library/Rswift.framework",
			);
			name = "[CP] Embed Pods Frameworks";
			outputFileListPaths = (
			);
			outputPaths = (
				"${TARGET_BUILD_DIR}/${FRAMEWORKS_FOLDER_PATH}/PromiseKit.framework",
				"${TARGET_BUILD_DIR}/${FRAMEWORKS_FOLDER_PATH}/Rswift.framework",
			);
			runOnlyForDeploymentPostprocessing = 0;
			shellPath = /bin/sh;
			shellScript = "\"${PODS_ROOT}/Target Support Files/Pods-Antares/Pods-Antares-frameworks.sh\"\n";
			showEnvVarsInLog = 0;
		};
		C8C128E74ADD0F2B58B5B5C7 /* [CP] Check Pods Manifest.lock */ = {
			isa = PBXShellScriptBuildPhase;
			buildActionMask = 2147483647;
			files = (
			);
			inputFileListPaths = (
			);
			inputPaths = (
				"${PODS_PODFILE_DIR_PATH}/Podfile.lock",
				"${PODS_ROOT}/Manifest.lock",
			);
			name = "[CP] Check Pods Manifest.lock";
			outputFileListPaths = (
			);
			outputPaths = (
				"$(DERIVED_FILE_DIR)/Pods-AntaresTests-checkManifestLockResult.txt",
			);
			runOnlyForDeploymentPostprocessing = 0;
			shellPath = /bin/sh;
			shellScript = "diff \"${PODS_PODFILE_DIR_PATH}/Podfile.lock\" \"${PODS_ROOT}/Manifest.lock\" > /dev/null\nif [ $? != 0 ] ; then\n    # print error to STDERR\n    echo \"error: The sandbox is not in sync with the Podfile.lock. Run 'pod install' or update your CocoaPods installation.\" >&2\n    exit 1\nfi\n# This output is used by Xcode 'outputs' to avoid re-running this script phase.\necho \"SUCCESS\" > \"${SCRIPT_OUTPUT_FILE_0}\"\n";
			showEnvVarsInLog = 0;
		};
		FD2711CB2287B42200041A49 /* R.swift */ = {
			isa = PBXShellScriptBuildPhase;
			buildActionMask = 2147483647;
			files = (
			);
			inputFileListPaths = (
			);
			inputPaths = (
				"$TEMP_DIR/rswift-lastrun",
			);
			name = R.swift;
			outputFileListPaths = (
			);
			outputPaths = (
				"$SRCROOT/R.generated.swift",
			);
			runOnlyForDeploymentPostprocessing = 0;
			shellPath = /bin/sh;
			shellScript = "\"$PODS_ROOT/R.swift/rswift\" generate \"$SRCROOT/R.generated.swift\"\n";
		};
/* End PBXShellScriptBuildPhase section */

/* Begin PBXSourcesBuildPhase section */
		FD76044F227FB4A000FAFA3B /* Sources */ = {
			isa = PBXSourcesBuildPhase;
			buildActionMask = 2147483647;
			files = (
				FD760457227FB4A000FAFA3B /* AppDelegate.swift in Sources */,
				FD760482227FBA8A00FAFA3B /* ListMoviesRouter.swift in Sources */,
				FD7CF8D92293985500F3D64B /* Movie.swift in Sources */,
				FD0D31522283B4D90033FAD2 /* Endpoint.swift in Sources */,
				FD760481227FBA8A00FAFA3B /* ListMoviesWorker.swift in Sources */,
				FD760484227FBA8A00FAFA3B /* ListMoviesViewController.swift in Sources */,
				FD760480227FBA8A00FAFA3B /* ListMoviesPresenter.swift in Sources */,
				FD760483227FBA8A00FAFA3B /* ListMoviesModels.swift in Sources */,
				FD2711CF2287B59E00041A49 /* R.generated.swift in Sources */,
				FD760485227FBA8A00FAFA3B /* ListMoviesInteractor.swift in Sources */,
				FD7CF8D72293945000F3D64B /* BaseResponse.swift in Sources */,
				FD0D31542283BB570033FAD2 /* NetworkProvider.swift in Sources */,
			);
			runOnlyForDeploymentPostprocessing = 0;
		};
		FD760463227FB4A000FAFA3B /* Sources */ = {
			isa = PBXSourcesBuildPhase;
			buildActionMask = 2147483647;
			files = (
				FD76046C227FB4A000FAFA3B /* AntaresTests.swift in Sources */,
			);
			runOnlyForDeploymentPostprocessing = 0;
		};
/* End PBXSourcesBuildPhase section */

/* Begin PBXTargetDependency section */
		FD760469227FB4A000FAFA3B /* PBXTargetDependency */ = {
			isa = PBXTargetDependency;
			target = FD760452227FB4A000FAFA3B /* Antares */;
			targetProxy = FD760468227FB4A000FAFA3B /* PBXContainerItemProxy */;
		};
/* End PBXTargetDependency section */

/* Begin PBXVariantGroup section */
		FD76045F227FB4A000FAFA3B /* LaunchScreen.storyboard */ = {
			isa = PBXVariantGroup;
			children = (
				FD760460227FB4A000FAFA3B /* Base */,
			);
			name = LaunchScreen.storyboard;
			sourceTree = "<group>";
		};
/* End PBXVariantGroup section */

/* Begin XCBuildConfiguration section */
		FD76046E227FB4A000FAFA3B /* Debug */ = {
			isa = XCBuildConfiguration;
			buildSettings = {
				ALWAYS_SEARCH_USER_PATHS = NO;
				CLANG_ANALYZER_NONNULL = YES;
				CLANG_ANALYZER_NUMBER_OBJECT_CONVERSION = YES_AGGRESSIVE;
				CLANG_CXX_LANGUAGE_STANDARD = "gnu++14";
				CLANG_CXX_LIBRARY = "libc++";
				CLANG_ENABLE_MODULES = YES;
				CLANG_ENABLE_OBJC_ARC = YES;
				CLANG_ENABLE_OBJC_WEAK = YES;
				CLANG_WARN_BLOCK_CAPTURE_AUTORELEASING = YES;
				CLANG_WARN_BOOL_CONVERSION = YES;
				CLANG_WARN_COMMA = YES;
				CLANG_WARN_CONSTANT_CONVERSION = YES;
				CLANG_WARN_DEPRECATED_OBJC_IMPLEMENTATIONS = YES;
				CLANG_WARN_DIRECT_OBJC_ISA_USAGE = YES_ERROR;
				CLANG_WARN_DOCUMENTATION_COMMENTS = YES;
				CLANG_WARN_EMPTY_BODY = YES;
				CLANG_WARN_ENUM_CONVERSION = YES;
				CLANG_WARN_INFINITE_RECURSION = YES;
				CLANG_WARN_INT_CONVERSION = YES;
				CLANG_WARN_NON_LITERAL_NULL_CONVERSION = YES;
				CLANG_WARN_OBJC_IMPLICIT_RETAIN_SELF = YES;
				CLANG_WARN_OBJC_LITERAL_CONVERSION = YES;
				CLANG_WARN_OBJC_ROOT_CLASS = YES_ERROR;
				CLANG_WARN_RANGE_LOOP_ANALYSIS = YES;
				CLANG_WARN_STRICT_PROTOTYPES = YES;
				CLANG_WARN_SUSPICIOUS_MOVE = YES;
				CLANG_WARN_UNGUARDED_AVAILABILITY = YES_AGGRESSIVE;
				CLANG_WARN_UNREACHABLE_CODE = YES;
				CLANG_WARN__DUPLICATE_METHOD_MATCH = YES;
				CODE_SIGN_IDENTITY = "iPhone Developer";
				COPY_PHASE_STRIP = NO;
				DEBUG_INFORMATION_FORMAT = dwarf;
				ENABLE_STRICT_OBJC_MSGSEND = YES;
				ENABLE_TESTABILITY = YES;
				GCC_C_LANGUAGE_STANDARD = gnu11;
				GCC_DYNAMIC_NO_PIC = NO;
				GCC_NO_COMMON_BLOCKS = YES;
				GCC_OPTIMIZATION_LEVEL = 0;
				GCC_PREPROCESSOR_DEFINITIONS = (
					"DEBUG=1",
					"$(inherited)",
				);
				GCC_WARN_64_TO_32_BIT_CONVERSION = YES;
				GCC_WARN_ABOUT_RETURN_TYPE = YES_ERROR;
				GCC_WARN_UNDECLARED_SELECTOR = YES;
				GCC_WARN_UNINITIALIZED_AUTOS = YES_AGGRESSIVE;
				GCC_WARN_UNUSED_FUNCTION = YES;
				GCC_WARN_UNUSED_VARIABLE = YES;
				IPHONEOS_DEPLOYMENT_TARGET = 12.2;
				MTL_ENABLE_DEBUG_INFO = INCLUDE_SOURCE;
				MTL_FAST_MATH = YES;
				ONLY_ACTIVE_ARCH = YES;
				SDKROOT = iphoneos;
				SWIFT_ACTIVE_COMPILATION_CONDITIONS = DEBUG;
				SWIFT_OPTIMIZATION_LEVEL = "-Onone";
			};
			name = Debug;
		};
		FD76046F227FB4A000FAFA3B /* Release */ = {
			isa = XCBuildConfiguration;
			buildSettings = {
				ALWAYS_SEARCH_USER_PATHS = NO;
				CLANG_ANALYZER_NONNULL = YES;
				CLANG_ANALYZER_NUMBER_OBJECT_CONVERSION = YES_AGGRESSIVE;
				CLANG_CXX_LANGUAGE_STANDARD = "gnu++14";
				CLANG_CXX_LIBRARY = "libc++";
				CLANG_ENABLE_MODULES = YES;
				CLANG_ENABLE_OBJC_ARC = YES;
				CLANG_ENABLE_OBJC_WEAK = YES;
				CLANG_WARN_BLOCK_CAPTURE_AUTORELEASING = YES;
				CLANG_WARN_BOOL_CONVERSION = YES;
				CLANG_WARN_COMMA = YES;
				CLANG_WARN_CONSTANT_CONVERSION = YES;
				CLANG_WARN_DEPRECATED_OBJC_IMPLEMENTATIONS = YES;
				CLANG_WARN_DIRECT_OBJC_ISA_USAGE = YES_ERROR;
				CLANG_WARN_DOCUMENTATION_COMMENTS = YES;
				CLANG_WARN_EMPTY_BODY = YES;
				CLANG_WARN_ENUM_CONVERSION = YES;
				CLANG_WARN_INFINITE_RECURSION = YES;
				CLANG_WARN_INT_CONVERSION = YES;
				CLANG_WARN_NON_LITERAL_NULL_CONVERSION = YES;
				CLANG_WARN_OBJC_IMPLICIT_RETAIN_SELF = YES;
				CLANG_WARN_OBJC_LITERAL_CONVERSION = YES;
				CLANG_WARN_OBJC_ROOT_CLASS = YES_ERROR;
				CLANG_WARN_RANGE_LOOP_ANALYSIS = YES;
				CLANG_WARN_STRICT_PROTOTYPES = YES;
				CLANG_WARN_SUSPICIOUS_MOVE = YES;
				CLANG_WARN_UNGUARDED_AVAILABILITY = YES_AGGRESSIVE;
				CLANG_WARN_UNREACHABLE_CODE = YES;
				CLANG_WARN__DUPLICATE_METHOD_MATCH = YES;
				CODE_SIGN_IDENTITY = "iPhone Developer";
				COPY_PHASE_STRIP = NO;
				DEBUG_INFORMATION_FORMAT = "dwarf-with-dsym";
				ENABLE_NS_ASSERTIONS = NO;
				ENABLE_STRICT_OBJC_MSGSEND = YES;
				GCC_C_LANGUAGE_STANDARD = gnu11;
				GCC_NO_COMMON_BLOCKS = YES;
				GCC_WARN_64_TO_32_BIT_CONVERSION = YES;
				GCC_WARN_ABOUT_RETURN_TYPE = YES_ERROR;
				GCC_WARN_UNDECLARED_SELECTOR = YES;
				GCC_WARN_UNINITIALIZED_AUTOS = YES_AGGRESSIVE;
				GCC_WARN_UNUSED_FUNCTION = YES;
				GCC_WARN_UNUSED_VARIABLE = YES;
				IPHONEOS_DEPLOYMENT_TARGET = 12.2;
				MTL_ENABLE_DEBUG_INFO = NO;
				MTL_FAST_MATH = YES;
				SDKROOT = iphoneos;
				SWIFT_COMPILATION_MODE = wholemodule;
				SWIFT_OPTIMIZATION_LEVEL = "-O";
				VALIDATE_PRODUCT = YES;
			};
			name = Release;
		};
		FD760471227FB4A000FAFA3B /* Debug */ = {
			isa = XCBuildConfiguration;
			baseConfigurationReference = FDA68A9B229A1348001DAC4A /* Debug.xcconfig */;
			buildSettings = {
				ASSETCATALOG_COMPILER_APPICON_NAME = AppIcon;
				CODE_SIGN_STYLE = Automatic;
				DEVELOPMENT_TEAM = GQY96Q9368;
				INFOPLIST_FILE = Antares/Info.plist;
				LD_RUNPATH_SEARCH_PATHS = (
					"$(inherited)",
					"@executable_path/Frameworks",
				);
				PRODUCT_BUNDLE_IDENTIFIER = com.leandroromano.Antares;
				PRODUCT_NAME = "$(TARGET_NAME)";
				SWIFT_VERSION = 5.0;
				TARGETED_DEVICE_FAMILY = 1;
			};
			name = Debug;
		};
		FD760472227FB4A000FAFA3B /* Release */ = {
			isa = XCBuildConfiguration;
			baseConfigurationReference = FDA68A9D229A1356001DAC4A /* Release.xcconfig */;
			buildSettings = {
				ASSETCATALOG_COMPILER_APPICON_NAME = AppIcon;
				CODE_SIGN_STYLE = Automatic;
				DEVELOPMENT_TEAM = GQY96Q9368;
				INFOPLIST_FILE = Antares/Info.plist;
				LD_RUNPATH_SEARCH_PATHS = (
					"$(inherited)",
					"@executable_path/Frameworks",
				);
				PRODUCT_BUNDLE_IDENTIFIER = com.leandroromano.Antares;
				PRODUCT_NAME = "$(TARGET_NAME)";
				SWIFT_VERSION = 5.0;
				TARGETED_DEVICE_FAMILY = 1;
			};
			name = Release;
		};
		FD760474227FB4A000FAFA3B /* Debug */ = {
			isa = XCBuildConfiguration;
			baseConfigurationReference = FDA68A9B229A1348001DAC4A /* Debug.xcconfig */;
			buildSettings = {
				ALWAYS_EMBED_SWIFT_STANDARD_LIBRARIES = YES;
				BUNDLE_LOADER = "$(TEST_HOST)";
				CODE_SIGN_STYLE = Automatic;
				INFOPLIST_FILE = AntaresTests/Info.plist;
				LD_RUNPATH_SEARCH_PATHS = (
					"$(inherited)",
					"@executable_path/Frameworks",
					"@loader_path/Frameworks",
				);
				PRODUCT_BUNDLE_IDENTIFIER = com.leandroromano.AntaresTests;
				PRODUCT_NAME = "$(TARGET_NAME)";
				SWIFT_VERSION = 5.0;
				TARGETED_DEVICE_FAMILY = "1,2";
				TEST_HOST = "$(BUILT_PRODUCTS_DIR)/Antares.app/Antares";
			};
			name = Debug;
		};
		FD760475227FB4A000FAFA3B /* Release */ = {
			isa = XCBuildConfiguration;
			baseConfigurationReference = FDA68A9D229A1356001DAC4A /* Release.xcconfig */;
			buildSettings = {
				ALWAYS_EMBED_SWIFT_STANDARD_LIBRARIES = YES;
				BUNDLE_LOADER = "$(TEST_HOST)";
				CODE_SIGN_STYLE = Automatic;
				INFOPLIST_FILE = AntaresTests/Info.plist;
				LD_RUNPATH_SEARCH_PATHS = (
					"$(inherited)",
					"@executable_path/Frameworks",
					"@loader_path/Frameworks",
				);
				PRODUCT_BUNDLE_IDENTIFIER = com.leandroromano.AntaresTests;
				PRODUCT_NAME = "$(TARGET_NAME)";
				SWIFT_VERSION = 5.0;
				TARGETED_DEVICE_FAMILY = "1,2";
				TEST_HOST = "$(BUILT_PRODUCTS_DIR)/Antares.app/Antares";
			};
			name = Release;
		};
		FDA68A9E229A1381001DAC4A /* Development */ = {
			isa = XCBuildConfiguration;
			buildSettings = {
				ALWAYS_SEARCH_USER_PATHS = NO;
				CLANG_ANALYZER_NONNULL = YES;
				CLANG_ANALYZER_NUMBER_OBJECT_CONVERSION = YES_AGGRESSIVE;
				CLANG_CXX_LANGUAGE_STANDARD = "gnu++14";
				CLANG_CXX_LIBRARY = "libc++";
				CLANG_ENABLE_MODULES = YES;
				CLANG_ENABLE_OBJC_ARC = YES;
				CLANG_ENABLE_OBJC_WEAK = YES;
				CLANG_WARN_BLOCK_CAPTURE_AUTORELEASING = YES;
				CLANG_WARN_BOOL_CONVERSION = YES;
				CLANG_WARN_COMMA = YES;
				CLANG_WARN_CONSTANT_CONVERSION = YES;
				CLANG_WARN_DEPRECATED_OBJC_IMPLEMENTATIONS = YES;
				CLANG_WARN_DIRECT_OBJC_ISA_USAGE = YES_ERROR;
				CLANG_WARN_DOCUMENTATION_COMMENTS = YES;
				CLANG_WARN_EMPTY_BODY = YES;
				CLANG_WARN_ENUM_CONVERSION = YES;
				CLANG_WARN_INFINITE_RECURSION = YES;
				CLANG_WARN_INT_CONVERSION = YES;
				CLANG_WARN_NON_LITERAL_NULL_CONVERSION = YES;
				CLANG_WARN_OBJC_IMPLICIT_RETAIN_SELF = YES;
				CLANG_WARN_OBJC_LITERAL_CONVERSION = YES;
				CLANG_WARN_OBJC_ROOT_CLASS = YES_ERROR;
				CLANG_WARN_RANGE_LOOP_ANALYSIS = YES;
				CLANG_WARN_STRICT_PROTOTYPES = YES;
				CLANG_WARN_SUSPICIOUS_MOVE = YES;
				CLANG_WARN_UNGUARDED_AVAILABILITY = YES_AGGRESSIVE;
				CLANG_WARN_UNREACHABLE_CODE = YES;
				CLANG_WARN__DUPLICATE_METHOD_MATCH = YES;
				CODE_SIGN_IDENTITY = "iPhone Developer";
				COPY_PHASE_STRIP = NO;
				DEBUG_INFORMATION_FORMAT = dwarf;
				ENABLE_STRICT_OBJC_MSGSEND = YES;
				ENABLE_TESTABILITY = YES;
				GCC_C_LANGUAGE_STANDARD = gnu11;
				GCC_DYNAMIC_NO_PIC = NO;
				GCC_NO_COMMON_BLOCKS = YES;
				GCC_OPTIMIZATION_LEVEL = 0;
				GCC_PREPROCESSOR_DEFINITIONS = (
					"DEBUG=1",
					"$(inherited)",
				);
				GCC_WARN_64_TO_32_BIT_CONVERSION = YES;
				GCC_WARN_ABOUT_RETURN_TYPE = YES_ERROR;
				GCC_WARN_UNDECLARED_SELECTOR = YES;
				GCC_WARN_UNINITIALIZED_AUTOS = YES_AGGRESSIVE;
				GCC_WARN_UNUSED_FUNCTION = YES;
				GCC_WARN_UNUSED_VARIABLE = YES;
				IPHONEOS_DEPLOYMENT_TARGET = 12.2;
				MTL_ENABLE_DEBUG_INFO = INCLUDE_SOURCE;
				MTL_FAST_MATH = YES;
				ONLY_ACTIVE_ARCH = YES;
				SDKROOT = iphoneos;
				SWIFT_ACTIVE_COMPILATION_CONDITIONS = DEBUG;
				SWIFT_OPTIMIZATION_LEVEL = "-Onone";
			};
			name = Development;
		};
		FDA68A9F229A1381001DAC4A /* Development */ = {
			isa = XCBuildConfiguration;
			baseConfigurationReference = FDA68A9C229A134F001DAC4A /* Development.xcconfig */;
			buildSettings = {
				ASSETCATALOG_COMPILER_APPICON_NAME = AppIcon;
				CODE_SIGN_STYLE = Automatic;
				DEVELOPMENT_TEAM = GQY96Q9368;
				INFOPLIST_FILE = Antares/Info.plist;
				LD_RUNPATH_SEARCH_PATHS = (
					"$(inherited)",
					"@executable_path/Frameworks",
				);
				PRODUCT_BUNDLE_IDENTIFIER = com.leandroromano.Antares;
				PRODUCT_NAME = "$(TARGET_NAME)";
				SWIFT_VERSION = 5.0;
				TARGETED_DEVICE_FAMILY = 1;
			};
			name = Development;
		};
		FDA68AA0229A1381001DAC4A /* Development */ = {
			isa = XCBuildConfiguration;
			baseConfigurationReference = FDA68A9C229A134F001DAC4A /* Development.xcconfig */;
			buildSettings = {
				ALWAYS_EMBED_SWIFT_STANDARD_LIBRARIES = YES;
				BUNDLE_LOADER = "$(TEST_HOST)";
				CODE_SIGN_STYLE = Automatic;
				INFOPLIST_FILE = AntaresTests/Info.plist;
				LD_RUNPATH_SEARCH_PATHS = (
					"$(inherited)",
					"@executable_path/Frameworks",
					"@loader_path/Frameworks",
				);
				PRODUCT_BUNDLE_IDENTIFIER = com.leandroromano.AntaresTests;
				PRODUCT_NAME = "$(TARGET_NAME)";
				SWIFT_VERSION = 5.0;
				TARGETED_DEVICE_FAMILY = "1,2";
				TEST_HOST = "$(BUILT_PRODUCTS_DIR)/Antares.app/Antares";
			};
			name = Development;
		};
/* End XCBuildConfiguration section */

/* Begin XCConfigurationList section */
		FD76044E227FB4A000FAFA3B /* Build configuration list for PBXProject "Antares" */ = {
			isa = XCConfigurationList;
			buildConfigurations = (
				FD76046E227FB4A000FAFA3B /* Debug */,
				FDA68A9E229A1381001DAC4A /* Development */,
				FD76046F227FB4A000FAFA3B /* Release */,
			);
			defaultConfigurationIsVisible = 0;
			defaultConfigurationName = Release;
		};
		FD760470227FB4A000FAFA3B /* Build configuration list for PBXNativeTarget "Antares" */ = {
			isa = XCConfigurationList;
			buildConfigurations = (
				FD760471227FB4A000FAFA3B /* Debug */,
				FDA68A9F229A1381001DAC4A /* Development */,
				FD760472227FB4A000FAFA3B /* Release */,
			);
			defaultConfigurationIsVisible = 0;
			defaultConfigurationName = Release;
		};
		FD760473227FB4A000FAFA3B /* Build configuration list for PBXNativeTarget "AntaresTests" */ = {
			isa = XCConfigurationList;
			buildConfigurations = (
				FD760474227FB4A000FAFA3B /* Debug */,
				FDA68AA0229A1381001DAC4A /* Development */,
				FD760475227FB4A000FAFA3B /* Release */,
			);
			defaultConfigurationIsVisible = 0;
			defaultConfigurationName = Release;
		};
/* End XCConfigurationList section */
	};
	rootObject = FD76044B227FB4A000FAFA3B /* Project object */;
}
